
Microsoft Visual Studio Solution File, Format Version 12.00
# Visual Studio Version 16
VisualStudioVersion = 16.0.29728.190
MinimumVisualStudioVersion = 10.0.40219.1
Project("{8BC9CEB8-8B4A-11D0-8D11-00A0C91BC942}") = "ЛР1 Побитовые операции С++", "ЛР1 Побитовые операции С++\ЛР1 Побитовые операции С++.vcxproj", "{E5B8C2EC-1794-493A-B7AD-002D6F50BCF6}"
EndProject
Project("{FAE04EC0-301F-11D3-BF4B-00C04F79EFBC}") = "ЛР1 Побитовые операции С-sharp", "ЛР1 Побитовые операции С-sharp\ЛР1 Побитовые операции С-sharp.csproj", "{53E99B51-DFB9-4EA5-92D1-A0115E6E43ED}"
EndProject
Global
	GlobalSection(SolutionConfigurationPlatforms) = preSolution
		Debug|Any CPU = Debug|Any CPU
		Debug|x64 = Debug|x64
		Debug|x86 = Debug|x86
		Release|Any CPU = Release|Any CPU
		Release|x64 = Release|x64
		Release|x86 = Release|x86
	EndGlobalSection
	GlobalSection(ProjectConfigurationPlatforms) = postSolution
		{E5B8C2EC-1794-493A-B7AD-002D6F50BCF6}.Debug|Any CPU.ActiveCfg = Debug|Win32
		{E5B8C2EC-1794-493A-B7AD-002D6F50BCF6}.Debug|x64.ActiveCfg = Debug|x64
		{E5B8C2EC-1794-493A-B7AD-002D6F50BCF6}.Debug|x64.Build.0 = Debug|x64
		{E5B8C2EC-1794-493A-B7AD-002D6F50BCF6}.Debug|x86.ActiveCfg = Debug|Win32
		{E5B8C2EC-1794-493A-B7AD-002D6F50BCF6}.Debug|x86.Build.0 = Debug|Win32
		{E5B8C2EC-1794-493A-B7AD-002D6F50BCF6}.Release|Any CPU.ActiveCfg = Release|Win32
		{E5B8C2EC-1794-493A-B7AD-002D6F50BCF6}.Release|x64.ActiveCfg = Release|x64
		{E5B8C2EC-1794-493A-B7AD-002D6F50BCF6}.Release|x64.Build.0 = Release|x64
		{E5B8C2EC-1794-493A-B7AD-002D6F50BCF6}.Release|x86.ActiveCfg = Release|Win32
		{E5B8C2EC-1794-493A-B7AD-002D6F50BCF6}.Release|x86.Build.0 = Release|Win32
		{53E99B51-DFB9-4EA5-92D1-A0115E6E43ED}.Debug|Any CPU.ActiveCfg = Debug|Any CPU
		{53E99B51-DFB9-4EA5-92D1-A0115E6E43ED}.Debug|Any CPU.Build.0 = Debug|Any CPU
		{53E99B51-DFB9-4EA5-92D1-A0115E6E43ED}.Debug|x64.ActiveCfg = Debug|Any CPU
		{53E99B51-DFB9-4EA5-92D1-A0115E6E43ED}.Debug|x64.Build.0 = Debug|Any CPU
		{53E99B51-DFB9-4EA5-92D1-A0115E6E43ED}.Debug|x86.ActiveCfg = Debug|Any CPU
		{53E99B51-DFB9-4EA5-92D1-A0115E6E43ED}.Debug|x86.Build.0 = Debug|Any CPU
		{53E99B51-DFB9-4EA5-92D1-A0115E6E43ED}.Release|Any CPU.ActiveCfg = Release|Any CPU
		{53E99B51-DFB9-4EA5-92D1-A0115E6E43ED}.Release|Any CPU.Build.0 = Release|Any CPU
		{53E99B51-DFB9-4EA5-92D1-A0115E6E43ED}.Release|x64.ActiveCfg = Release|Any CPU
		{53E99B51-DFB9-4EA5-92D1-A0115E6E43ED}.Release|x64.Build.0 = Release|Any CPU
		{53E99B51-DFB9-4EA5-92D1-A0115E6E43ED}.Release|x86.ActiveCfg = Release|Any CPU
		{53E99B51-DFB9-4EA5-92D1-A0115E6E43ED}.Release|x86.Build.0 = Release|Any CPU
	EndGlobalSection
	GlobalSection(SolutionProperties) = preSolution
		HideSolutionNode = FALSE
	EndGlobalSection
	GlobalSection(ExtensibilityGlobals) = postSolution
		SolutionGuid = {577B2E41-3AE7-4E4A-B0BF-8E7C17572B01}
	EndGlobalSection
EndGlobal
